
Microsoft Visual Studio Solution File, Format Version 12.00
# Visual Studio Version 16
VisualStudioVersion = 16.0.31313.79
MinimumVisualStudioVersion = 10.0.40219.1
Project("{FAE04EC0-301F-11D3-BF4B-00C04F79EFBC}") = "Thurs251400.UWP", "Thurs251400\Thurs251400.UWP\Thurs251400.UWP.csproj", "{900B34C3-9A80-45F2-854F-E96A114630EE}"
EndProject
Project("{FAE04EC0-301F-11D3-BF4B-00C04F79EFBC}") = "Thurs251400.Android", "Thurs251400\Thurs251400.Android\Thurs251400.Android.csproj", "{D40660B7-9F21-45C1-A64F-824F2D96CBFE}"
EndProject
Project("{FAE04EC0-301F-11D3-BF4B-00C04F79EFBC}") = "Thurs251400", "Thurs251400\Thurs251400\Thurs251400.csproj", "{30B59D6C-054A-4A40-919E-1A1686DE2AAE}"
EndProject
Global
	GlobalSection(SolutionConfigurationPlatforms) = preSolution
		Debug|Any CPU = Debug|Any CPU
		Debug|ARM = Debug|ARM
		Debug|x64 = Debug|x64
		Debug|x86 = Debug|x86
		Release|Any CPU = Release|Any CPU
		Release|ARM = Release|ARM
		Release|x64 = Release|x64
		Release|x86 = Release|x86
	EndGlobalSection
	GlobalSection(ProjectConfigurationPlatforms) = postSolution
		{900B34C3-9A80-45F2-854F-E96A114630EE}.Debug|Any CPU.ActiveCfg = Debug|x86
		{900B34C3-9A80-45F2-854F-E96A114630EE}.Debug|Any CPU.Build.0 = Debug|x86
		{900B34C3-9A80-45F2-854F-E96A114630EE}.Debug|Any CPU.Deploy.0 = Debug|x86
		{900B34C3-9A80-45F2-854F-E96A114630EE}.Debug|ARM.ActiveCfg = Debug|ARM
		{900B34C3-9A80-45F2-854F-E96A114630EE}.Debug|ARM.Build.0 = Debug|ARM
		{900B34C3-9A80-45F2-854F-E96A114630EE}.Debug|ARM.Deploy.0 = Debug|ARM
		{900B34C3-9A80-45F2-854F-E96A114630EE}.Debug|x64.ActiveCfg = Debug|x64
		{900B34C3-9A80-45F2-854F-E96A114630EE}.Debug|x64.Build.0 = Debug|x64
		{900B34C3-9A80-45F2-854F-E96A114630EE}.Debug|x64.Deploy.0 = Debug|x64
		{900B34C3-9A80-45F2-854F-E96A114630EE}.Debug|x86.ActiveCfg = Debug|x86
		{900B34C3-9A80-45F2-854F-E96A114630EE}.Debug|x86.Build.0 = Debug|x86
		{900B34C3-9A80-45F2-854F-E96A114630EE}.Debug|x86.Deploy.0 = Debug|x86
		{900B34C3-9A80-45F2-854F-E96A114630EE}.Release|Any CPU.ActiveCfg = Release|x86
		{900B34C3-9A80-45F2-854F-E96A114630EE}.Release|Any CPU.Build.0 = Release|x86
		{900B34C3-9A80-45F2-854F-E96A114630EE}.Release|Any CPU.Deploy.0 = Release|x86
		{900B34C3-9A80-45F2-854F-E96A114630EE}.Release|ARM.ActiveCfg = Release|ARM
		{900B34C3-9A80-45F2-854F-E96A114630EE}.Release|ARM.Build.0 = Release|ARM
		{900B34C3-9A80-45F2-854F-E96A114630EE}.Release|ARM.Deploy.0 = Release|ARM
		{900B34C3-9A80-45F2-854F-E96A114630EE}.Release|x64.ActiveCfg = Release|x64
		{900B34C3-9A80-45F2-854F-E96A114630EE}.Release|x64.Build.0 = Release|x64
		{900B34C3-9A80-45F2-854F-E96A114630EE}.Release|x64.Deploy.0 = Release|x64
		{900B34C3-9A80-45F2-854F-E96A114630EE}.Release|x86.ActiveCfg = Release|x86
		{900B34C3-9A80-45F2-854F-E96A114630EE}.Release|x86.Build.0 = Release|x86
		{900B34C3-9A80-45F2-854F-E96A114630EE}.Release|x86.Deploy.0 = Release|x86
		{D40660B7-9F21-45C1-A64F-824F2D96CBFE}.Debug|Any CPU.ActiveCfg = Debug|Any CPU
		{D40660B7-9F21-45C1-A64F-824F2D96CBFE}.Debug|Any CPU.Build.0 = Debug|Any CPU
		{D40660B7-9F21-45C1-A64F-824F2D96CBFE}.Debug|Any CPU.Deploy.0 = Debug|Any CPU
		{D40660B7-9F21-45C1-A64F-824F2D96CBFE}.Debug|ARM.ActiveCfg = Debug|Any CPU
		{D40660B7-9F21-45C1-A64F-824F2D96CBFE}.Debug|ARM.Build.0 = Debug|Any CPU
		{D40660B7-9F21-45C1-A64F-824F2D96CBFE}.Debug|ARM.Deploy.0 = Debug|Any CPU
		{D40660B7-9F21-45C1-A64F-824F2D96CBFE}.Debug|x64.ActiveCfg = Debug|Any CPU
		{D40660B7-9F21-45C1-A64F-824F2D96CBFE}.Debug|x64.Build.0 = Debug|Any CPU
		{D40660B7-9F21-45C1-A64F-824F2D96CBFE}.Debug|x64.Deploy.0 = Debug|Any CPU
		{D40660B7-9F21-45C1-A64F-824F2D96CBFE}.Debug|x86.ActiveCfg = Debug|Any CPU
		{D40660B7-9F21-45C1-A64F-824F2D96CBFE}.Debug|x86.Build.0 = Debug|Any CPU
		{D40660B7-9F21-45C1-A64F-824F2D96CBFE}.Debug|x86.Deploy.0 = Debug|Any CPU
		{D40660B7-9F21-45C1-A64F-824F2D96CBFE}.Release|Any CPU.ActiveCfg = Release|Any CPU
		{D40660B7-9F21-45C1-A64F-824F2D96CBFE}.Release|Any CPU.Build.0 = Release|Any CPU
		{D40660B7-9F21-45C1-A64F-824F2D96CBFE}.Release|Any CPU.Deploy.0 = Release|Any CPU
		{D40660B7-9F21-45C1-A64F-824F2D96CBFE}.Release|ARM.ActiveCfg = Release|Any CPU
		{D40660B7-9F21-45C1-A64F-824F2D96CBFE}.Release|ARM.Build.0 = Release|Any CPU
		{D40660B7-9F21-45C1-A64F-824F2D96CBFE}.Release|ARM.Deploy.0 = Release|Any CPU
		{D40660B7-9F21-45C1-A64F-824F2D96CBFE}.Release|x64.ActiveCfg = Release|Any CPU
		{D40660B7-9F21-45C1-A64F-824F2D96CBFE}.Release|x64.Build.0 = Release|Any CPU
		{D40660B7-9F21-45C1-A64F-824F2D96CBFE}.Release|x64.Deploy.0 = Release|Any CPU
		{D40660B7-9F21-45C1-A64F-824F2D96CBFE}.Release|x86.ActiveCfg = Release|Any CPU
		{D40660B7-9F21-45C1-A64F-824F2D96CBFE}.Release|x86.Build.0 = Release|Any CPU
		{D40660B7-9F21-45C1-A64F-824F2D96CBFE}.Release|x86.Deploy.0 = Release|Any CPU
		{30B59D6C-054A-4A40-919E-1A1686DE2AAE}.Debug|Any CPU.ActiveCfg = Debug|Any CPU
		{30B59D6C-054A-4A40-919E-1A1686DE2AAE}.Debug|Any CPU.Build.0 = Debug|Any CPU
		{30B59D6C-054A-4A40-919E-1A1686DE2AAE}.Debug|Any CPU.Deploy.0 = Debug|Any CPU
		{30B59D6C-054A-4A40-919E-1A1686DE2AAE}.Debug|ARM.ActiveCfg = Debug|Any CPU
		{30B59D6C-054A-4A40-919E-1A1686DE2AAE}.Debug|ARM.Build.0 = Debug|Any CPU
		{30B59D6C-054A-4A40-919E-1A1686DE2AAE}.Debug|ARM.Deploy.0 = Debug|Any CPU
		{30B59D6C-054A-4A40-919E-1A1686DE2AAE}.Debug|x64.ActiveCfg = Debug|Any CPU
		{30B59D6C-054A-4A40-919E-1A1686DE2AAE}.Debug|x64.Build.0 = Debug|Any CPU
		{30B59D6C-054A-4A40-919E-1A1686DE2AAE}.Debug|x64.Deploy.0 = Debug|Any CPU
		{30B59D6C-054A-4A40-919E-1A1686DE2AAE}.Debug|x86.ActiveCfg = Debug|Any CPU
		{30B59D6C-054A-4A40-919E-1A1686DE2AAE}.Debug|x86.Build.0 = Debug|Any CPU
		{30B59D6C-054A-4A40-919E-1A1686DE2AAE}.Debug|x86.Deploy.0 = Debug|Any CPU
		{30B59D6C-054A-4A40-919E-1A1686DE2AAE}.Release|Any CPU.ActiveCfg = Release|Any CPU
		{30B59D6C-054A-4A40-919E-1A1686DE2AAE}.Release|Any CPU.Build.0 = Release|Any CPU
		{30B59D6C-054A-4A40-919E-1A1686DE2AAE}.Release|Any CPU.Deploy.0 = Release|Any CPU
		{30B59D6C-054A-4A40-919E-1A1686DE2AAE}.Release|ARM.ActiveCfg = Release|Any CPU
		{30B59D6C-054A-4A40-919E-1A1686DE2AAE}.Release|ARM.Build.0 = Release|Any CPU
		{30B59D6C-054A-4A40-919E-1A1686DE2AAE}.Release|ARM.Deploy.0 = Release|Any CPU
		{30B59D6C-054A-4A40-919E-1A1686DE2AAE}.Release|x64.ActiveCfg = Release|Any CPU
		{30B59D6C-054A-4A40-919E-1A1686DE2AAE}.Release|x64.Build.0 = Release|Any CPU
		{30B59D6C-054A-4A40-919E-1A1686DE2AAE}.Release|x64.Deploy.0 = Release|Any CPU
		{30B59D6C-054A-4A40-919E-1A1686DE2AAE}.Release|x86.ActiveCfg = Release|Any CPU
		{30B59D6C-054A-4A40-919E-1A1686DE2AAE}.Release|x86.Build.0 = Release|Any CPU
		{30B59D6C-054A-4A40-919E-1A1686DE2AAE}.Release|x86.Deploy.0 = Release|Any CPU
	EndGlobalSection
	GlobalSection(SolutionProperties) = preSolution
		HideSolutionNode = FALSE
	EndGlobalSection
	GlobalSection(ExtensibilityGlobals) = postSolution
		SolutionGuid = {D99CFE07-AE06-43EE-BD6D-A01468B482E5}
	EndGlobalSection
EndGlobal
